// !$*UTF8*$!
{
	archiveVersion = 1;
	classes = {
	};
	objectVersion = 46;
	objects = {

/* Begin PBXBuildFile section */
		8652FE361EB4B493005C7C67 /* CustomUIWindow.swift in Sources */ = {isa = PBXBuildFile; fileRef = 8652FE351EB4B493005C7C67 /* CustomUIWindow.swift */; };
		86E382B31EB478DA00A8211D /* AppDelegate.swift in Sources */ = {isa = PBXBuildFile; fileRef = 86E382B21EB478DA00A8211D /* AppDelegate.swift */; };
		86E382B51EB478DA00A8211D /* ViewController.swift in Sources */ = {isa = PBXBuildFile; fileRef = 86E382B41EB478DA00A8211D /* ViewController.swift */; };
		86E382B81EB478DA00A8211D /* Main.storyboard in Resources */ = {isa = PBXBuildFile; fileRef = 86E382B61EB478DA00A8211D /* Main.storyboard */; };
		86E382BA1EB478DA00A8211D /* Assets.xcassets in Resources */ = {isa = PBXBuildFile; fileRef = 86E382B91EB478DA00A8211D /* Assets.xcassets */; };
		86E382BD1EB478DA00A8211D /* LaunchScreen.storyboard in Resources */ = {isa = PBXBuildFile; fileRef = 86E382BB1EB478DA00A8211D /* LaunchScreen.storyboard */; };
		86E382CB1EB4953C00A8211D /* ball1.png in Resources */ = {isa = PBXBuildFile; fileRef = 86E382C81EB4953C00A8211D /* ball1.png */; };
/* End PBXBuildFile section */

/* Begin PBXFileReference section */
		8652FE351EB4B493005C7C67 /* CustomUIWindow.swift */ = {isa = PBXFileReference; fileEncoding = 4; lastKnownFileType = sourcecode.swift; path = CustomUIWindow.swift; sourceTree = "<group>"; };
		86E382AF1EB478DA00A8211D /* AssistiveTouchExample.app */ = {isa = PBXFileReference; explicitFileType = wrapper.application; includeInIndex = 0; path = AssistiveTouchExample.app; sourceTree = BUILT_PRODUCTS_DIR; };
		86E382B21EB478DA00A8211D /* AppDelegate.swift */ = {isa = PBXFileReference; lastKnownFileType = sourcecode.swift; path = AppDelegate.swift; sourceTree = "<group>"; };
		86E382B41EB478DA00A8211D /* ViewController.swift */ = {isa = PBXFileReference; lastKnownFileType = sourcecode.swift; path = ViewController.swift; sourceTree = "<group>"; };
		86E382B71EB478DA00A8211D /* Base */ = {isa = PBXFileReference; lastKnownFileType = file.storyboard; name = Base; path = Base.lproj/Main.storyboard; sourceTree = "<group>"; };
		86E382B91EB478DA00A8211D /* Assets.xcassets */ = {isa = PBXFileReference; lastKnownFileType = folder.assetcatalog; path = Assets.xcassets; sourceTree = "<group>"; };
		86E382BC1EB478DA00A8211D /* Base */ = {isa = PBXFileReference; lastKnownFileType = file.storyboard; name = Base; path = Base.lproj/LaunchScreen.storyboard; sourceTree = "<group>"; };
		86E382BE1EB478DA00A8211D /* Info.plist */ = {isa = PBXFileReference; lastKnownFileType = text.plist.xml; path = Info.plist; sourceTree = "<group>"; };
		86E382C81EB4953C00A8211D /* ball1.png */ = {isa = PBXFileReference; lastKnownFileType = image.png; path = ball1.png; sourceTree = "<group>"; };
/* End PBXFileReference section */

/* Begin PBXFrameworksBuildPhase section */
		86E382AC1EB478DA00A8211D /* Frameworks */ = {
			isa = PBXFrameworksBuildPhase;
			buildActionMask = 2147483647;
			files = (
			);
			runOnlyForDeploymentPostprocessing = 0;
		};
/* End PBXFrameworksBuildPhase section */

/* Begin PBXGroup section */
		86E382A61EB478DA00A8211D = {
			isa = PBXGroup;
			children = (
				86E382B11EB478DA00A8211D /* AssistiveTouchExample */,
				86E382B01EB478DA00A8211D /* Products */,
			);
			sourceTree = "<group>";
		};
		86E382B01EB478DA00A8211D /* Products */ = {
			isa = PBXGroup;
			children = (
				86E382AF1EB478DA00A8211D /* AssistiveTouchExample.app */,
			);
			name = Products;
			sourceTree = "<group>";
		};
		86E382B11EB478DA00A8211D /* AssistiveTouchExample */ = {
			isa = PBXGroup;
			children = (
				86E382B21EB478DA00A8211D /* AppDelegate.swift */,
				86E382B41EB478DA00A8211D /* ViewController.swift */,
				8652FE351EB4B493005C7C67 /* CustomUIWindow.swift */,
				86E382B61EB478DA00A8211D /* Main.storyboard */,
				86E382B91EB478DA00A8211D /* Assets.xcassets */,
				86E382BB1EB478DA00A8211D /* LaunchScreen.storyboard */,
				86E382C81EB4953C00A8211D /* ball1.png */,
				86E382BE1EB478DA00A8211D /* Info.plist */,
			);
			path = AssistiveTouchExample;
			sourceTree = "<group>";
		};
/* End PBXGroup section */

/* Begin PBXNativeTarget section */
		86E382AE1EB478DA00A8211D /* AssistiveTouchExample */ = {
			isa = PBXNativeTarget;
			buildConfigurationList = 86E382C11EB478DA00A8211D /* Build configuration list for PBXNativeTarget "AssistiveTouchExample" */;
			buildPhases = (
				86E382AB1EB478DA00A8211D /* Sources */,
				86E382AC1EB478DA00A8211D /* Frameworks */,
				86E382AD1EB478DA00A8211D /* Resources */,
			);
			buildRules = (
			);
			dependencies = (
			);
			name = AssistiveTouchExample;
			productName = AssistiveTouchExample;
			productReference = 86E382AF1EB478DA00A8211D /* AssistiveTouchExample.app */;
			productType = "com.apple.product-type.application";
		};
/* End PBXNativeTarget section */

/* Begin PBXProject section */
		86E382A71EB478DA00A8211D /* Project object */ = {
			isa = PBXProject;
			attributes = {
				LastSwiftUpdateCheck = 0830;
				LastUpgradeCheck = 0830;
				ORGANIZATIONNAME = Jerrywang;
				TargetAttributes = {
					86E382AE1EB478DA00A8211D = {
						CreatedOnToolsVersion = 8.3.2;
						DevelopmentTeam = K5W4R2VRH6;
						ProvisioningStyle = Automatic;
					};
				};
			};
			buildConfigurationList = 86E382AA1EB478DA00A8211D /* Build configuration list for PBXProject "AssistiveTouchExample" */;
			compatibilityVersion = "Xcode 3.2";
			developmentRegion = English;
			hasScannedForEncodings = 0;
			knownRegions = (
				en,
				Base,
			);
			mainGroup = 86E382A61EB478DA00A8211D;
			productRefGroup = 86E382B01EB478DA00A8211D /* Products */;
			projectDirPath = "";
			projectRoot = "";
			targets = (
				86E382AE1EB478DA00A8211D /* AssistiveTouchExample */,
			);
		};
/* End PBXProject section */

/* Begin PBXResourcesBuildPhase section */
		86E382AD1EB478DA00A8211D /* Resources */ = {
			isa = PBXResourcesBuildPhase;
			buildActionMask = 2147483647;
			files = (
				86E382CB1EB4953C00A8211D /* ball1.png in Resources */,
				86E382BD1EB478DA00A8211D /* LaunchScreen.storyboard in Resources */,
				86E382BA1EB478DA00A8211D /* Assets.xcassets in Resources */,
				86E382B81EB478DA00A8211D /* Main.storyboard in Resources */,
			);
			runOnlyForDeploymentPostprocessing = 0;
		};
/* End PBXResourcesBuildPhase section */

/* Begin PBXSourcesBuildPhase section */
		86E382AB1EB478DA00A8211D /* Sources */ = {
			isa = PBXSourcesBuildPhase;
			buildActionMask = 2147483647;
			files = (
				86E382B51EB478DA00A8211D /* ViewController.swift in Sources */,
				86E382B31EB478DA00A8211D /* AppDelegate.swift in Sources */,
				8652FE361EB4B493005C7C67 /* CustomUIWindow.swift in Sources */,
			);
			runOnlyForDeploymentPostprocessing = 0;
		};
/* End PBXSourcesBuildPhase section */

/* Begin PBXVariantGroup section */
		86E382B61EB478DA00A8211D /* Main.storyboard */ = {
			isa = PBXVariantGroup;
			children = (
				86E382B71EB478DA00A8211D /* Base */,
			);
			name = Main.storyboard;
			sourceTree = "<group>";
		};
		86E382BB1EB478DA00A8211D /* LaunchScreen.storyboard */ = {
			isa = PBXVariantGroup;
			children = (
				86E382BC1EB478DA00A8211D /* Base */,
			);
			name = LaunchScreen.storyboard;
			sourceTree = "<group>";
		};
/* End PBXVariantGroup section */

/* Begin XCBuildConfiguration section */
		86E382BF1EB478DA00A8211D /* Debug */ = {
			isa = XCBuildConfiguration;
			buildSettings = {
				ALWAYS_SEARCH_USER_PATHS = NO;
				CLANG_ANALYZER_NONNULL = YES;
				CLANG_ANALYZER_NUMBER_OBJECT_CONVERSION = YES_AGGRESSIVE;
				CLANG_CXX_LANGUAGE_STANDARD = "gnu++0x";
				CLANG_CXX_LIBRARY = "libc++";
				CLANG_ENABLE_MODULES = YES;
				CLANG_ENABLE_OBJC_ARC = YES;
				CLANG_WARN_BOOL_CONVERSION = YES;
				CLANG_WARN_CONSTANT_CONVERSION = YES;
				CLANG_WARN_DIRECT_OBJC_ISA_USAGE = YES_ERROR;
				CLANG_WARN_DOCUMENTATION_COMMENTS = YES;
				CLANG_WARN_EMPTY_BODY = YES;
				CLANG_WARN_ENUM_CONVERSION = YES;
				CLANG_WARN_INFINITE_RECURSION = YES;
				CLANG_WARN_INT_CONVERSION = YES;
				CLANG_WARN_OBJC_ROOT_CLASS = YES_ERROR;
				CLANG_WARN_SUSPICIOUS_MOVE = YES;
				CLANG_WARN_UNREACHABLE_CODE = YES;
				CLANG_WARN__DUPLICATE_METHOD_MATCH = YES;
				"CODE_SIGN_IDENTITY[sdk=iphoneos*]" = "iPhone Developer";
				COPY_PHASE_STRIP = NO;
				DEBUG_INFORMATION_FORMAT = dwarf;
				ENABLE_STRICT_OBJC_MSGSEND = YES;
				ENABLE_TESTABILITY = YES;
				GCC_C_LANGUAGE_STANDARD = gnu99;
				GCC_DYNAMIC_NO_PIC = NO;
				GCC_NO_COMMON_BLOCKS = YES;
				GCC_OPTIMIZATION_LEVEL = 0;
				GCC_PREPROCESSOR_DEFINITIONS = (
					"DEBUG=1",
					"$(inherited)",
				);
				GCC_WARN_64_TO_32_BIT_CONVERSION = YES;
				GCC_WARN_ABOUT_RETURN_TYPE = YES_ERROR;
				GCC_WARN_UNDECLARED_SELECTOR = YES;
				GCC_WARN_UNINITIALIZED_AUTOS = YES_AGGRESSIVE;
				GCC_WARN_UNUSED_FUNCTION = YES;
				GCC_WARN_UNUSED_VARIABLE = YES;
				IPHONEOS_DEPLOYMENT_TARGET = 10.3;
				MTL_ENABLE_DEBUG_INFO = YES;
				ONLY_ACTIVE_ARCH = YES;
				SDKROOT = iphoneos;
				SWIFT_ACTIVE_COMPILATION_CONDITIONS = DEBUG;
				SWIFT_OPTIMIZATION_LEVEL = "-Onone";
				TARGETED_DEVICE_FAMILY = "1,2";
			};
			name = Debug;
		};
		86E382C01EB478DA00A8211D /* Release */ = {
			isa = XCBuildConfiguration;
			buildSettings = {
				ALWAYS_SEARCH_USER_PATHS = NO;
				CLANG_ANALYZER_NONNULL = YES;
				CLANG_ANALYZER_NUMBER_OBJECT_CONVERSION = YES_AGGRESSIVE;
				CLANG_CXX_LANGUAGE_STANDARD = "gnu++0x";
				CLANG_CXX_LIBRARY = "libc++";
				CLANG_ENABLE_MODULES = YES;
				CLANG_ENABLE_OBJC_ARC = YES;
				CLANG_WARN_BOOL_CONVERSION = YES;
				CLANG_WARN_CONSTANT_CONVERSION = YES;
				CLANG_WARN_DIRECT_OBJC_ISA_USAGE = YES_ERROR;
				CLANG_WARN_DOCUMENTATION_COMMENTS = YES;
				CLANG_WARN_EMPTY_BODY = YES;
				CLANG_WARN_ENUM_CONVERSION = YES;
				CLANG_WARN_INFINITE_RECURSION = YES;
				CLANG_WARN_INT_CONVERSION = YES;
				CLANG_WARN_OBJC_ROOT_CLASS = YES_ERROR;
				CLANG_WARN_SUSPICIOUS_MOVE = YES;
				CLANG_WARN_UNREACHABLE_CODE = YES;
				CLANG_WARN__DUPLICATE_METHOD_MATCH = YES;
				"CODE_SIGN_IDENTITY[sdk=iphoneos*]" = "iPhone Developer";
				COPY_PHASE_STRIP = NO;
				DEBUG_INFORMATION_FORMAT = "dwarf-with-dsym";
				ENABLE_NS_ASSERTIONS = NO;
				ENABLE_STRICT_OBJC_MSGSEND = YES;
				GCC_C_LANGUAGE_STANDARD = gnu99;
				GCC_NO_COMMON_BLOCKS = YES;
				GCC_WARN_64_TO_32_BIT_CONVERSION = YES;
				GCC_WARN_ABOUT_RETURN_TYPE = YES_ERROR;
				GCC_WARN_UNDECLARED_SELECTOR = YES;
				GCC_WARN_UNINITIALIZED_AUTOS = YES_AGGRESSIVE;
				GCC_WARN_UNUSED_FUNCTION = YES;
				GCC_WARN_UNUSED_VARIABLE = YES;
				IPHONEOS_DEPLOYMENT_TARGET = 10.3;
				MTL_ENABLE_DEBUG_INFO = NO;
				SDKROOT = iphoneos;
				SWIFT_OPTIMIZATION_LEVEL = "-Owholemodule";
				TARGETED_DEVICE_FAMILY = "1,2";
				VALIDATE_PRODUCT = YES;
			};
			name = Release;
		};
		86E382C21EB478DA00A8211D /* Debug */ = {
			isa = XCBuildConfiguration;
			buildSettings = {
				ASSETCATALOG_COMPILER_APPICON_NAME = AppIcon;
				DEVELOPMENT_TEAM = K5W4R2VRH6;
				INFOPLIST_FILE = AssistiveTouchExample/Info.plist;
				LD_RUNPATH_SEARCH_PATHS = "$(inherited) @executable_path/Frameworks";
				PRODUCT_BUNDLE_IDENTIFIER = com.JerryWang.AssistiveTouchExample;
				PRODUCT_NAME = "$(TARGET_NAME)";
				SWIFT_VERSION = 3.0;
			};
			name = Debug;
		};
		86E382C31EB478DA00A8211D /* Release */ = {
			isa = XCBuildConfiguration;
			buildSettings = {
				ASSETCATALOG_COMPILER_APPICON_NAME = AppIcon;
				DEVELOPMENT_TEAM = K5W4R2VRH6;
				INFOPLIST_FILE = AssistiveTouchExample/Info.plist;
				LD_RUNPATH_SEARCH_PATHS = "$(inherited) @executable_path/Frameworks";
				PRODUCT_BUNDLE_IDENTIFIER = com.JerryWang.AssistiveTouchExample;
				PRODUCT_NAME = "$(TARGET_NAME)";
				SWIFT_VERSION = 3.0;
			};
			name = Release;
		};
/* End XCBuildConfiguration section */

/* Begin XCConfigurationList section */
		86E382AA1EB478DA00A8211D /* Build configuration list for PBXProject "AssistiveTouchExample" */ = {
			isa = XCConfigurationList;
			buildConfigurations = (
				86E382BF1EB478DA00A8211D /* Debug */,
				86E382C01EB478DA00A8211D /* Release */,
			);
			defaultConfigurationIsVisible = 0;
			defaultConfigurationName = Release;
		};
		86E382C11EB478DA00A8211D /* Build configuration list for PBXNativeTarget "AssistiveTouchExample" */ = {
			isa = XCConfigurationList;
			buildConfigurations = (
				86E382C21EB478DA00A8211D /* Debug */,
				86E382C31EB478DA00A8211D /* Release */,
			);
			defaultConfigurationIsVisible = 0;
			defaultConfigurationName = Release;
		};
/* End XCConfigurationList section */
	};
	rootObject = 86E382A71EB478DA00A8211D /* Project object */;
}
